<?xml version="1.0" encoding="UTF-8"?>
<!DOCTYPE plist PUBLIC "-//Apple//DTD PLIST 1.0//EN" "http://www.apple.com/DTDs/PropertyList-1.0.dtd">
<plist version="1.0">
<dict>
	<key>archiveVersion</key>
	<string>1</string>
	<key>classes</key>
	<dict/>
	<key>objectVersion</key>
	<string>46</string>
	<key>objects</key>
	<dict>
		<key>118AC27E5C7D91B437041220</key>
		<dict>
			<key>buildActionMask</key>
			<string>2147483647</string>
			<key>files</key>
			<array/>
			<key>inputPaths</key>
			<array/>
			<key>isa</key>
			<string>PBXShellScriptBuildPhase</string>
			<key>name</key>
			<string>Check Pods Manifest.lock</string>
			<key>outputPaths</key>
			<array/>
			<key>runOnlyForDeploymentPostprocessing</key>
			<string>0</string>
			<key>shellPath</key>
			<string>/bin/sh</string>
			<key>shellScript</key>
			<string>diff "${PODS_ROOT}/../Podfile.lock" "${PODS_ROOT}/Manifest.lock" &gt; /dev/null
if [[ $? != 0 ]] ; then
    cat &lt;&lt; EOM
error: The sandbox is not in sync with the Podfile.lock. Run 'pod install' or update your CocoaPods installation.
EOM
    exit 1
fi
</string>
			<key>showEnvVarsInLog</key>
			<string>0</string>
		</dict>
		<key>24383A891CA8F7B9000E3BA5</key>
		<dict>
			<key>children</key>
			<array>
				<string>24383A941CA8F7B9000E3BA5</string>
				<string>24383A931CA8F7B9000E3BA5</string>
				<string>6B04ACCD72383D4E836D0169</string>
				<string>6B52508C62A6E28C4DA15D7F</string>
			</array>
			<key>isa</key>
			<string>PBXGroup</string>
			<key>sourceTree</key>
			<string>&lt;group&gt;</string>
		</dict>
		<key>24383A8A1CA8F7B9000E3BA5</key>
		<dict>
			<key>attributes</key>
			<dict>
				<key>LastSwiftUpdateCheck</key>
				<string>0730</string>
				<key>LastUpgradeCheck</key>
				<string>0730</string>
				<key>ORGANIZATIONNAME</key>
				<string>Vinicius Vendramini</string>
				<key>TargetAttributes</key>
				<dict>
					<key>24383A911CA8F7B9000E3BA5</key>
					<dict>
						<key>CreatedOnToolsVersion</key>
						<string>7.3</string>
					</dict>
				</dict>
			</dict>
			<key>buildConfigurationList</key>
			<string>24383A8D1CA8F7B9000E3BA5</string>
			<key>compatibilityVersion</key>
			<string>Xcode 3.2</string>
			<key>developmentRegion</key>
			<string>English</string>
			<key>hasScannedForEncodings</key>
			<string>0</string>
			<key>isa</key>
			<string>PBXProject</string>
			<key>knownRegions</key>
			<array>
				<string>en</string>
				<string>Base</string>
			</array>
			<key>mainGroup</key>
			<string>24383A891CA8F7B9000E3BA5</string>
			<key>productRefGroup</key>
			<string>24383A931CA8F7B9000E3BA5</string>
			<key>projectDirPath</key>
			<string></string>
			<key>projectReferences</key>
			<array/>
			<key>projectRoot</key>
			<string></string>
			<key>targets</key>
			<array>
				<string>24383A911CA8F7B9000E3BA5</string>
			</array>
		</dict>
		<key>24383A8D1CA8F7B9000E3BA5</key>
		<dict>
			<key>buildConfigurations</key>
			<array>
				<string>24383A9F1CA8F7B9000E3BA5</string>
				<string>24383AA01CA8F7B9000E3BA5</string>
			</array>
			<key>defaultConfigurationIsVisible</key>
			<string>0</string>
			<key>defaultConfigurationName</key>
			<string>Release</string>
			<key>isa</key>
			<string>XCConfigurationList</string>
		</dict>
		<key>24383A8E1CA8F7B9000E3BA5</key>
		<dict>
			<key>buildActionMask</key>
			<string>2147483647</string>
			<key>files</key>
			<array>
				<string>24CD3CDB1CACBF8500E8A360</string>
				<string>24B64CBB1CB0309A00F84E12</string>
				<string>24383AB31CA8F7FB000E3BA5</string>
				<string>24383AB01CA8F7FB000E3BA5</string>
				<string>24CD3CD91CACBC2400E8A360</string>
				<string>24383A981CA8F7B9000E3BA5</string>
				<string>24E7DC171CAE2F1B00FAD1E1</string>
				<string>24E7DC151CAE28A600FAD1E1</string>
				<string>24383AB11CA8F7FB000E3BA5</string>
				<string>24D57EC01CAE2490003B5AAB</string>
				<string>24383AB21CA8F7FB000E3BA5</string>
				<string>24E7DC131CAE271000FAD1E1</string>
				<string>24383A961CA8F7B9000E3BA5</string>
			</array>
			<key>isa</key>
			<string>PBXSourcesBuildPhase</string>
			<key>runOnlyForDeploymentPostprocessing</key>
			<string>0</string>
		</dict>
		<key>24383A8F1CA8F7B9000E3BA5</key>
		<dict>
			<key>buildActionMask</key>
			<string>2147483647</string>
			<key>files</key>
			<array>
				<string>8692DE48657674EA782443F7</string>
			</array>
			<key>isa</key>
			<string>PBXFrameworksBuildPhase</string>
			<key>runOnlyForDeploymentPostprocessing</key>
			<string>0</string>
		</dict>
		<key>24383A901CA8F7B9000E3BA5</key>
		<dict>
			<key>buildActionMask</key>
			<string>2147483647</string>
			<key>files</key>
			<array>
				<string>24383A9A1CA8F7B9000E3BA5</string>
				<string>24383A9D1CA8F7B9000E3BA5</string>
			</array>
			<key>isa</key>
			<string>PBXResourcesBuildPhase</string>
			<key>runOnlyForDeploymentPostprocessing</key>
			<string>0</string>
		</dict>
		<key>24383A911CA8F7B9000E3BA5</key>
		<dict>
			<key>buildConfigurationList</key>
			<string>24383AA11CA8F7B9000E3BA5</string>
			<key>buildPhases</key>
			<array>
				<string>118AC27E5C7D91B437041220</string>
				<string>24383A8E1CA8F7B9000E3BA5</string>
				<string>24383A8F1CA8F7B9000E3BA5</string>
				<string>24383A901CA8F7B9000E3BA5</string>
				<string>6CD72E0FE89FEB8868D79044</string>
				<string>B2F7D8A46748ECFE2A07C41A</string>
				<string>24D57EBD1CADE13C003B5AAB</string>
				<string>4F455CB0421D640B9DD36B37</string>
			</array>
			<key>buildRules</key>
			<array/>
			<key>dependencies</key>
			<array/>
			<key>isa</key>
			<string>PBXNativeTarget</string>
			<key>name</key>
			<string>Loop</string>
			<key>productName</key>
			<string>Loop</string>
			<key>productReference</key>
			<string>24383A921CA8F7B9000E3BA5</string>
			<key>productType</key>
			<string>com.apple.product-type.application</string>
		</dict>
		<key>24383A921CA8F7B9000E3BA5</key>
		<dict>
			<key>explicitFileType</key>
			<string>wrapper.application</string>
			<key>includeInIndex</key>
			<string>0</string>
			<key>isa</key>
			<string>PBXFileReference</string>
			<key>path</key>
			<string>Loop.app</string>
			<key>sourceTree</key>
			<string>BUILT_PRODUCTS_DIR</string>
		</dict>
		<key>24383A931CA8F7B9000E3BA5</key>
		<dict>
			<key>children</key>
			<array>
				<string>24383A921CA8F7B9000E3BA5</string>
			</array>
			<key>isa</key>
			<string>PBXGroup</string>
			<key>name</key>
			<string>Products</string>
			<key>sourceTree</key>
			<string>&lt;group&gt;</string>
		</dict>
		<key>24383A941CA8F7B9000E3BA5</key>
		<dict>
			<key>children</key>
			<array>
				<string>24383A951CA8F7B9000E3BA5</string>
				<string>24383A971CA8F7B9000E3BA5</string>
				<string>24E7DC141CAE28A600FAD1E1</string>
				<string>24E7DC161CAE2F1B00FAD1E1</string>
				<string>24E7DC121CAE271000FAD1E1</string>
				<string>24B64CBA1CB0309A00F84E12</string>
				<string>24D57EBF1CAE2490003B5AAB</string>
				<string>24CD3CDA1CACBF8500E8A360</string>
				<string>24CD3CD81CACBC2400E8A360</string>
				<string>24383AAC1CA8F7FB000E3BA5</string>
				<string>24383AAD1CA8F7FB000E3BA5</string>
				<string>24383AAE1CA8F7FB000E3BA5</string>
				<string>24383AAF1CA8F7FB000E3BA5</string>
				<string>24383A991CA8F7B9000E3BA5</string>
				<string>24383A9B1CA8F7B9000E3BA5</string>
				<string>24383A9E1CA8F7B9000E3BA5</string>
			</array>
			<key>isa</key>
			<string>PBXGroup</string>
			<key>path</key>
			<string>Loop</string>
			<key>sourceTree</key>
			<string>&lt;group&gt;</string>
		</dict>
		<key>24383A951CA8F7B9000E3BA5</key>
		<dict>
			<key>isa</key>
			<string>PBXFileReference</string>
			<key>lastKnownFileType</key>
			<string>sourcecode.swift</string>
			<key>path</key>
			<string>AppDelegate.swift</string>
			<key>sourceTree</key>
			<string>&lt;group&gt;</string>
		</dict>
		<key>24383A961CA8F7B9000E3BA5</key>
		<dict>
			<key>fileRef</key>
			<string>24383A951CA8F7B9000E3BA5</string>
			<key>isa</key>
			<string>PBXBuildFile</string>
		</dict>
		<key>24383A971CA8F7B9000E3BA5</key>
		<dict>
			<key>isa</key>
			<string>PBXFileReference</string>
			<key>lastKnownFileType</key>
			<string>sourcecode.swift</string>
			<key>path</key>
			<string>ViewController.swift</string>
			<key>sourceTree</key>
			<string>&lt;group&gt;</string>
		</dict>
		<key>24383A981CA8F7B9000E3BA5</key>
		<dict>
			<key>fileRef</key>
			<string>24383A971CA8F7B9000E3BA5</string>
			<key>isa</key>
			<string>PBXBuildFile</string>
		</dict>
		<key>24383A991CA8F7B9000E3BA5</key>
		<dict>
			<key>isa</key>
			<string>PBXFileReference</string>
			<key>lastKnownFileType</key>
			<string>folder.assetcatalog</string>
			<key>path</key>
			<string>Assets.xcassets</string>
			<key>sourceTree</key>
			<string>&lt;group&gt;</string>
		</dict>
		<key>24383A9A1CA8F7B9000E3BA5</key>
		<dict>
			<key>fileRef</key>
			<string>24383A991CA8F7B9000E3BA5</string>
			<key>isa</key>
			<string>PBXBuildFile</string>
		</dict>
		<key>24383A9B1CA8F7B9000E3BA5</key>
		<dict>
			<key>children</key>
			<array>
				<string>24383A9C1CA8F7B9000E3BA5</string>
			</array>
			<key>isa</key>
			<string>PBXVariantGroup</string>
			<key>name</key>
			<string>Main.storyboard</string>
			<key>sourceTree</key>
			<string>&lt;group&gt;</string>
		</dict>
		<key>24383A9C1CA8F7B9000E3BA5</key>
		<dict>
			<key>isa</key>
			<string>PBXFileReference</string>
			<key>lastKnownFileType</key>
			<string>file.storyboard</string>
			<key>name</key>
			<string>Base</string>
			<key>path</key>
			<string>Base.lproj/Main.storyboard</string>
			<key>sourceTree</key>
			<string>&lt;group&gt;</string>
		</dict>
		<key>24383A9D1CA8F7B9000E3BA5</key>
		<dict>
			<key>fileRef</key>
			<string>24383A9B1CA8F7B9000E3BA5</string>
			<key>isa</key>
			<string>PBXBuildFile</string>
		</dict>
		<key>24383A9E1CA8F7B9000E3BA5</key>
		<dict>
			<key>isa</key>
			<string>PBXFileReference</string>
			<key>lastKnownFileType</key>
			<string>text.plist.xml</string>
			<key>path</key>
			<string>Info.plist</string>
			<key>sourceTree</key>
			<string>&lt;group&gt;</string>
		</dict>
		<key>24383A9F1CA8F7B9000E3BA5</key>
		<dict>
			<key>buildSettings</key>
			<dict>
				<key>ALWAYS_SEARCH_USER_PATHS</key>
				<string>NO</string>
				<key>CLANG_ANALYZER_NONNULL</key>
				<string>YES</string>
				<key>CLANG_CXX_LANGUAGE_STANDARD</key>
				<string>gnu++0x</string>
				<key>CLANG_CXX_LIBRARY</key>
				<string>libc++</string>
				<key>CLANG_ENABLE_MODULES</key>
				<string>YES</string>
				<key>CLANG_ENABLE_OBJC_ARC</key>
				<string>YES</string>
				<key>CLANG_WARN_BOOL_CONVERSION</key>
				<string>YES</string>
				<key>CLANG_WARN_CONSTANT_CONVERSION</key>
				<string>YES</string>
				<key>CLANG_WARN_DIRECT_OBJC_ISA_USAGE</key>
				<string>YES_ERROR</string>
				<key>CLANG_WARN_EMPTY_BODY</key>
				<string>YES</string>
				<key>CLANG_WARN_ENUM_CONVERSION</key>
				<string>YES</string>
				<key>CLANG_WARN_INT_CONVERSION</key>
				<string>YES</string>
				<key>CLANG_WARN_OBJC_ROOT_CLASS</key>
				<string>YES_ERROR</string>
				<key>CLANG_WARN_UNREACHABLE_CODE</key>
				<string>YES</string>
				<key>CLANG_WARN__DUPLICATE_METHOD_MATCH</key>
				<string>YES</string>
				<key>CODE_SIGN_IDENTITY</key>
				<string>-</string>
				<key>COPY_PHASE_STRIP</key>
				<string>NO</string>
				<key>DEBUG_INFORMATION_FORMAT</key>
				<string>dwarf</string>
				<key>ENABLE_STRICT_OBJC_MSGSEND</key>
				<string>YES</string>
				<key>ENABLE_TESTABILITY</key>
				<string>YES</string>
				<key>GCC_C_LANGUAGE_STANDARD</key>
				<string>gnu99</string>
				<key>GCC_DYNAMIC_NO_PIC</key>
				<string>NO</string>
				<key>GCC_NO_COMMON_BLOCKS</key>
				<string>YES</string>
				<key>GCC_OPTIMIZATION_LEVEL</key>
				<string>0</string>
				<key>GCC_PREPROCESSOR_DEFINITIONS</key>
				<array>
					<string>DEBUG=1</string>
					<string>$(inherited)</string>
				</array>
				<key>GCC_WARN_64_TO_32_BIT_CONVERSION</key>
				<string>YES</string>
				<key>GCC_WARN_ABOUT_RETURN_TYPE</key>
				<string>YES_ERROR</string>
				<key>GCC_WARN_UNDECLARED_SELECTOR</key>
				<string>YES</string>
				<key>GCC_WARN_UNINITIALIZED_AUTOS</key>
				<string>YES_AGGRESSIVE</string>
				<key>GCC_WARN_UNUSED_FUNCTION</key>
				<string>YES</string>
				<key>GCC_WARN_UNUSED_VARIABLE</key>
				<string>YES</string>
				<key>MACOSX_DEPLOYMENT_TARGET</key>
				<string>10.11</string>
				<key>MTL_ENABLE_DEBUG_INFO</key>
				<string>YES</string>
				<key>ONLY_ACTIVE_ARCH</key>
				<string>YES</string>
				<key>SDKROOT</key>
				<string>macosx</string>
				<key>SWIFT_OPTIMIZATION_LEVEL</key>
				<string>-Onone</string>
			</dict>
			<key>isa</key>
			<string>XCBuildConfiguration</string>
			<key>name</key>
			<string>Debug</string>
		</dict>
		<key>24383AA01CA8F7B9000E3BA5</key>
		<dict>
			<key>buildSettings</key>
			<dict>
				<key>ALWAYS_SEARCH_USER_PATHS</key>
				<string>NO</string>
				<key>CLANG_ANALYZER_NONNULL</key>
				<string>YES</string>
				<key>CLANG_CXX_LANGUAGE_STANDARD</key>
				<string>gnu++0x</string>
				<key>CLANG_CXX_LIBRARY</key>
				<string>libc++</string>
				<key>CLANG_ENABLE_MODULES</key>
				<string>YES</string>
				<key>CLANG_ENABLE_OBJC_ARC</key>
				<string>YES</string>
				<key>CLANG_WARN_BOOL_CONVERSION</key>
				<string>YES</string>
				<key>CLANG_WARN_CONSTANT_CONVERSION</key>
				<string>YES</string>
				<key>CLANG_WARN_DIRECT_OBJC_ISA_USAGE</key>
				<string>YES_ERROR</string>
				<key>CLANG_WARN_EMPTY_BODY</key>
				<string>YES</string>
				<key>CLANG_WARN_ENUM_CONVERSION</key>
				<string>YES</string>
				<key>CLANG_WARN_INT_CONVERSION</key>
				<string>YES</string>
				<key>CLANG_WARN_OBJC_ROOT_CLASS</key>
				<string>YES_ERROR</string>
				<key>CLANG_WARN_UNREACHABLE_CODE</key>
				<string>YES</string>
				<key>CLANG_WARN__DUPLICATE_METHOD_MATCH</key>
				<string>YES</string>
				<key>CODE_SIGN_IDENTITY</key>
				<string>-</string>
				<key>COPY_PHASE_STRIP</key>
				<string>NO</string>
				<key>DEBUG_INFORMATION_FORMAT</key>
				<string>dwarf-with-dsym</string>
				<key>ENABLE_NS_ASSERTIONS</key>
				<string>NO</string>
				<key>ENABLE_STRICT_OBJC_MSGSEND</key>
				<string>YES</string>
				<key>GCC_C_LANGUAGE_STANDARD</key>
				<string>gnu99</string>
				<key>GCC_NO_COMMON_BLOCKS</key>
				<string>YES</string>
				<key>GCC_WARN_64_TO_32_BIT_CONVERSION</key>
				<string>YES</string>
				<key>GCC_WARN_ABOUT_RETURN_TYPE</key>
				<string>YES_ERROR</string>
				<key>GCC_WARN_UNDECLARED_SELECTOR</key>
				<string>YES</string>
				<key>GCC_WARN_UNINITIALIZED_AUTOS</key>
				<string>YES_AGGRESSIVE</string>
				<key>GCC_WARN_UNUSED_FUNCTION</key>
				<string>YES</string>
				<key>GCC_WARN_UNUSED_VARIABLE</key>
				<string>YES</string>
				<key>MACOSX_DEPLOYMENT_TARGET</key>
				<string>10.11</string>
				<key>MTL_ENABLE_DEBUG_INFO</key>
				<string>NO</string>
				<key>SDKROOT</key>
				<string>macosx</string>
			</dict>
			<key>isa</key>
			<string>XCBuildConfiguration</string>
			<key>name</key>
			<string>Release</string>
		</dict>
		<key>24383AA11CA8F7B9000E3BA5</key>
		<dict>
			<key>buildConfigurations</key>
			<array>
				<string>24383AA21CA8F7B9000E3BA5</string>
				<string>24383AA31CA8F7B9000E3BA5</string>
			</array>
			<key>defaultConfigurationIsVisible</key>
			<string>0</string>
			<key>defaultConfigurationName</key>
			<string>Release</string>
			<key>isa</key>
			<string>XCConfigurationList</string>
		</dict>
		<key>24383AA21CA8F7B9000E3BA5</key>
		<dict>
			<key>baseConfigurationReference</key>
			<string>E7F8F43D86B60E8508955BA5</string>
			<key>buildSettings</key>
			<dict>
				<key>ASSETCATALOG_COMPILER_APPICON_NAME</key>
				<string>AppIcon</string>
				<key>COMBINE_HIDPI_IMAGES</key>
				<string>YES</string>
				<key>INFOPLIST_FILE</key>
				<string>Loop/Info.plist</string>
				<key>LD_RUNPATH_SEARCH_PATHS</key>
				<string>$(inherited) @executable_path/../Frameworks</string>
				<key>PRODUCT_BUNDLE_IDENTIFIER</key>
				<string>vinivendra.Loop</string>
				<key>PRODUCT_NAME</key>
				<string>$(TARGET_NAME)</string>
			</dict>
			<key>isa</key>
			<string>XCBuildConfiguration</string>
			<key>name</key>
			<string>Debug</string>
		</dict>
		<key>24383AA31CA8F7B9000E3BA5</key>
		<dict>
			<key>baseConfigurationReference</key>
			<string>CBFDDC997D065883CC2AD0CF</string>
			<key>buildSettings</key>
			<dict>
				<key>ASSETCATALOG_COMPILER_APPICON_NAME</key>
				<string>AppIcon</string>
				<key>COMBINE_HIDPI_IMAGES</key>
				<string>YES</string>
				<key>INFOPLIST_FILE</key>
				<string>Loop/Info.plist</string>
				<key>LD_RUNPATH_SEARCH_PATHS</key>
				<string>$(inherited) @executable_path/../Frameworks</string>
				<key>PRODUCT_BUNDLE_IDENTIFIER</key>
				<string>vinivendra.Loop</string>
				<key>PRODUCT_NAME</key>
				<string>$(TARGET_NAME)</string>
			</dict>
			<key>isa</key>
			<string>XCBuildConfiguration</string>
			<key>name</key>
			<string>Release</string>
		</dict>
		<key>24383AAC1CA8F7FB000E3BA5</key>
		<dict>
			<key>fileEncoding</key>
			<string>4</string>
			<key>isa</key>
			<string>PBXFileReference</string>
			<key>lastKnownFileType</key>
			<string>sourcecode.swift</string>
			<key>path</key>
			<string>CircleView.swift</string>
			<key>sourceTree</key>
			<string>&lt;group&gt;</string>
		</dict>
		<key>24383AAD1CA8F7FB000E3BA5</key>
		<dict>
			<key>fileEncoding</key>
			<string>4</string>
			<key>isa</key>
			<string>PBXFileReference</string>
			<key>lastKnownFileType</key>
			<string>sourcecode.swift</string>
			<key>path</key>
			<string>DialView.swift</string>
			<key>sourceTree</key>
			<string>&lt;group&gt;</string>
		</dict>
		<key>24383AAE1CA8F7FB000E3BA5</key>
		<dict>
			<key>fileEncoding</key>
			<string>4</string>
			<key>isa</key>
			<string>PBXFileReference</string>
			<key>lastKnownFileType</key>
			<string>sourcecode.swift</string>
			<key>path</key>
			<string>NSView.swift</string>
			<key>sourceTree</key>
			<string>&lt;group&gt;</string>
		</dict>
		<key>24383AAF1CA8F7FB000E3BA5</key>
		<dict>
			<key>fileEncoding</key>
			<string>4</string>
			<key>isa</key>
			<string>PBXFileReference</string>
			<key>lastKnownFileType</key>
			<string>sourcecode.swift</string>
			<key>path</key>
			<string>SolidView.swift</string>
			<key>sourceTree</key>
			<string>&lt;group&gt;</string>
		</dict>
		<key>24383AB01CA8F7FB000E3BA5</key>
		<dict>
			<key>fileRef</key>
			<string>24383AAC1CA8F7FB000E3BA5</string>
			<key>isa</key>
			<string>PBXBuildFile</string>
		</dict>
		<key>24383AB11CA8F7FB000E3BA5</key>
		<dict>
			<key>fileRef</key>
			<string>24383AAD1CA8F7FB000E3BA5</string>
			<key>isa</key>
			<string>PBXBuildFile</string>
		</dict>
		<key>24383AB21CA8F7FB000E3BA5</key>
		<dict>
			<key>fileRef</key>
			<string>24383AAE1CA8F7FB000E3BA5</string>
			<key>isa</key>
			<string>PBXBuildFile</string>
		</dict>
		<key>24383AB31CA8F7FB000E3BA5</key>
		<dict>
			<key>fileRef</key>
			<string>24383AAF1CA8F7FB000E3BA5</string>
			<key>isa</key>
			<string>PBXBuildFile</string>
		</dict>
		<key>24B64CBA1CB0309A00F84E12</key>
		<dict>
			<key>fileEncoding</key>
			<string>4</string>
			<key>isa</key>
			<string>PBXFileReference</string>
			<key>lastKnownFileType</key>
			<string>sourcecode.swift</string>
			<key>path</key>
			<string>PlayerHandler.swift</string>
			<key>sourceTree</key>
			<string>&lt;group&gt;</string>
		</dict>
		<key>24B64CBB1CB0309A00F84E12</key>
		<dict>
			<key>fileRef</key>
			<string>24B64CBA1CB0309A00F84E12</string>
			<key>isa</key>
			<string>PBXBuildFile</string>
		</dict>
		<key>24CD3CD81CACBC2400E8A360</key>
		<dict>
			<key>fileEncoding</key>
			<string>4</string>
			<key>isa</key>
			<string>PBXFileReference</string>
			<key>lastKnownFileType</key>
			<string>sourcecode.swift</string>
			<key>path</key>
			<string>AudioHandler.swift</string>
			<key>sourceTree</key>
			<string>&lt;group&gt;</string>
		</dict>
		<key>24CD3CD91CACBC2400E8A360</key>
		<dict>
			<key>fileRef</key>
			<string>24CD3CD81CACBC2400E8A360</string>
			<key>isa</key>
			<string>PBXBuildFile</string>
		</dict>
		<key>24CD3CDA1CACBF8500E8A360</key>
		<dict>
			<key>fileEncoding</key>
			<string>4</string>
			<key>isa</key>
			<string>PBXFileReference</string>
			<key>lastKnownFileType</key>
			<string>sourcecode.swift</string>
			<key>path</key>
			<string>Array+Sugar.swift</string>
			<key>sourceTree</key>
			<string>&lt;group&gt;</string>
		</dict>
		<key>24CD3CDB1CACBF8500E8A360</key>
		<dict>
			<key>fileRef</key>
			<string>24CD3CDA1CACBF8500E8A360</string>
			<key>isa</key>
			<string>PBXBuildFile</string>
		</dict>
		<key>24D57EBD1CADE13C003B5AAB</key>
		<dict>
			<key>buildActionMask</key>
			<string>2147483647</string>
			<key>files</key>
			<array/>
			<key>inputPaths</key>
			<array/>
			<key>isa</key>
			<string>PBXShellScriptBuildPhase</string>
			<key>name</key>
			<string>Swift Lint</string>
			<key>outputPaths</key>
			<array/>
			<key>runOnlyForDeploymentPostprocessing</key>
			<string>0</string>
			<key>shellPath</key>
			<string>/bin/sh</string>
			<key>shellScript</key>
			<string>if which swiftlint &gt;/dev/null; then
    swiftlint
else
    echo "warning: SwiftLint not installed, download from https://github.com/realm/SwiftLint"
fi</string>
		</dict>
		<key>24D57EBF1CAE2490003B5AAB</key>
		<dict>
			<key>fileEncoding</key>
			<string>4</string>
			<key>isa</key>
			<string>PBXFileReference</string>
			<key>lastKnownFileType</key>
			<string>sourcecode.swift</string>
			<key>path</key>
			<string>IOHandler.swift</string>
			<key>sourceTree</key>
			<string>&lt;group&gt;</string>
		</dict>
		<key>24D57EC01CAE2490003B5AAB</key>
		<dict>
			<key>fileRef</key>
			<string>24D57EBF1CAE2490003B5AAB</string>
			<key>isa</key>
			<string>PBXBuildFile</string>
		</dict>
		<key>24E7DC121CAE271000FAD1E1</key>
		<dict>
			<key>fileEncoding</key>
			<string>4</string>
			<key>isa</key>
			<string>PBXFileReference</string>
			<key>lastKnownFileType</key>
			<string>sourcecode.swift</string>
			<key>path</key>
			<string>FileHandler.swift</string>
			<key>sourceTree</key>
			<string>&lt;group&gt;</string>
		</dict>
		<key>24E7DC131CAE271000FAD1E1</key>
		<dict>
			<key>fileRef</key>
			<string>24E7DC121CAE271000FAD1E1</string>
			<key>isa</key>
			<string>PBXBuildFile</string>
		</dict>
		<key>24E7DC141CAE28A600FAD1E1</key>
		<dict>
			<key>fileEncoding</key>
			<string>4</string>
			<key>isa</key>
			<string>PBXFileReference</string>
			<key>lastKnownFileType</key>
			<string>sourcecode.swift</string>
			<key>path</key>
			<string>RecorderHandler.swift</string>
			<key>sourceTree</key>
			<string>&lt;group&gt;</string>
		</dict>
		<key>24E7DC151CAE28A600FAD1E1</key>
		<dict>
			<key>fileRef</key>
			<string>24E7DC141CAE28A600FAD1E1</string>
			<key>isa</key>
			<string>PBXBuildFile</string>
		</dict>
		<key>24E7DC161CAE2F1B00FAD1E1</key>
		<dict>
			<key>fileEncoding</key>
			<string>4</string>
			<key>isa</key>
			<string>PBXFileReference</string>
			<key>lastKnownFileType</key>
			<string>sourcecode.swift</string>
			<key>path</key>
			<string>LoopModel.swift</string>
			<key>sourceTree</key>
			<string>&lt;group&gt;</string>
		</dict>
		<key>24E7DC171CAE2F1B00FAD1E1</key>
		<dict>
			<key>fileRef</key>
			<string>24E7DC161CAE2F1B00FAD1E1</string>
			<key>isa</key>
			<string>PBXBuildFile</string>
		</dict>
		<key>4F455CB0421D640B9DD36B37</key>
		<dict>
			<key>buildActionMask</key>
			<string>2147483647</string>
			<key>files</key>
			<array/>
			<key>inputPaths</key>
			<array/>
			<key>isa</key>
			<string>PBXShellScriptBuildPhase</string>
			<key>name</key>
			<string>Tailor</string>
			<key>outputPaths</key>
			<array/>
			<key>runOnlyForDeploymentPostprocessing</key>
			<string>0</string>
			<key>shellPath</key>
			<string>/bin/sh</string>
			<key>shellScript</key>
			<string>if hash tailor 2&gt;/dev/null; then
  tailor
else
  echo "warning: Please install Tailor from https://tailor.sh"
fi</string>
			<key>showEnvVarsInLog</key>
			<string>1</string>
		</dict>
		<key>6B04ACCD72383D4E836D0169</key>
		<dict>
			<key>children</key>
			<array>
				<string>E7F8F43D86B60E8508955BA5</string>
				<string>CBFDDC997D065883CC2AD0CF</string>
			</array>
			<key>isa</key>
			<string>PBXGroup</string>
			<key>name</key>
			<string>Pods</string>
			<key>sourceTree</key>
			<string>&lt;group&gt;</string>
		</dict>
		<key>6B52508C62A6E28C4DA15D7F</key>
		<dict>
			<key>children</key>
			<array>
				<string>D5DA24D1FF642AA824886F45</string>
			</array>
			<key>isa</key>
			<string>PBXGroup</string>
			<key>name</key>
			<string>Frameworks</string>
			<key>sourceTree</key>
			<string>&lt;group&gt;</string>
		</dict>
		<key>6CD72E0FE89FEB8868D79044</key>
		<dict>
			<key>buildActionMask</key>
			<string>2147483647</string>
			<key>files</key>
			<array/>
			<key>inputPaths</key>
			<array/>
			<key>isa</key>
			<string>PBXShellScriptBuildPhase</string>
			<key>name</key>
			<string>Embed Pods Frameworks</string>
			<key>outputPaths</key>
			<array/>
			<key>runOnlyForDeploymentPostprocessing</key>
			<string>0</string>
			<key>shellPath</key>
			<string>/bin/sh</string>
			<key>shellScript</key>
			<string>"${SRCROOT}/Pods/Target Support Files/Pods-Loop/Pods-Loop-frameworks.sh"
</string>
			<key>showEnvVarsInLog</key>
			<string>0</string>
		</dict>
		<key>8692DE48657674EA782443F7</key>
		<dict>
			<key>fileRef</key>
			<string>D5DA24D1FF642AA824886F45</string>
			<key>isa</key>
			<string>PBXBuildFile</string>
		</dict>
		<key>B2F7D8A46748ECFE2A07C41A</key>
		<dict>
			<key>buildActionMask</key>
			<string>2147483647</string>
			<key>files</key>
			<array/>
			<key>inputPaths</key>
			<array/>
			<key>isa</key>
			<string>PBXShellScriptBuildPhase</string>
			<key>name</key>
			<string>Copy Pods Resources</string>
			<key>outputPaths</key>
			<array/>
			<key>runOnlyForDeploymentPostprocessing</key>
			<string>0</string>
			<key>shellPath</key>
			<string>/bin/sh</string>
			<key>shellScript</key>
			<string>"${SRCROOT}/Pods/Target Support Files/Pods-Loop/Pods-Loop-resources.sh"
</string>
			<key>showEnvVarsInLog</key>
			<string>0</string>
		</dict>
		<key>CBFDDC997D065883CC2AD0CF</key>
		<dict>
			<key>includeInIndex</key>
			<string>1</string>
			<key>isa</key>
			<string>PBXFileReference</string>
			<key>lastKnownFileType</key>
			<string>text.xcconfig</string>
			<key>name</key>
			<string>Pods-Loop.release.xcconfig</string>
			<key>path</key>
			<string>Pods/Target Support Files/Pods-Loop/Pods-Loop.release.xcconfig</string>
			<key>sourceTree</key>
			<string>&lt;group&gt;</string>
		</dict>
		<key>D5DA24D1FF642AA824886F45</key>
		<dict>
			<key>explicitFileType</key>
			<string>wrapper.framework</string>
			<key>includeInIndex</key>
			<string>0</string>
			<key>isa</key>
			<string>PBXFileReference</string>
			<key>path</key>
			<string>Pods_Loop.framework</string>
			<key>sourceTree</key>
			<string>BUILT_PRODUCTS_DIR</string>
		</dict>
		<key>E7F8F43D86B60E8508955BA5</key>
		<dict>
			<key>includeInIndex</key>
			<string>1</string>
			<key>isa</key>
			<string>PBXFileReference</string>
			<key>lastKnownFileType</key>
			<string>text.xcconfig</string>
			<key>name</key>
			<string>Pods-Loop.debug.xcconfig</string>
			<key>path</key>
			<string>Pods/Target Support Files/Pods-Loop/Pods-Loop.debug.xcconfig</string>
			<key>sourceTree</key>
			<string>&lt;group&gt;</string>
		</dict>
	</dict>
	<key>rootObject</key>
	<string>24383A8A1CA8F7B9000E3BA5</string>
</dict>
</plist>
